
Microsoft Visual Studio Solution File, Format Version 12.00
# Visual Studio Version 16
VisualStudioVersion = 16.0.30907.101
MinimumVisualStudioVersion = 10.0.40219.1
Project("{9A19103F-16F7-4668-BE54-9A1E7A4F7556}") = "Qitar", "src\Qitar\Qitar.csproj", "{48FFF01A-F0A1-4BED-895D-4F9E87913610}"
EndProject
Project("{9A19103F-16F7-4668-BE54-9A1E7A4F7556}") = "Qitar.Bus.RabbitMQ", "src\Qitar.Bus.RabbitMQ\Qitar.Bus.RabbitMQ.csproj", "{DEF28281-13D1-4190-8336-2954C18E0456}"
EndProject
Project("{9A19103F-16F7-4668-BE54-9A1E7A4F7556}") = "Qitar.Store.Dapper", "src\Qitar.Store.Dapper\Qitar.Store.Dapper.csproj", "{DF18F5B9-5D84-471C-AFCA-ADF6B0AFEE1B}"
EndProject
Project("{9A19103F-16F7-4668-BE54-9A1E7A4F7556}") = "Qitar.Task.Hangfire", "src\Qitar.Task.Hangfire\Qitar.Task.Hangfire.csproj", "{66A5911D-68A6-442E-A499-2EDFC5F88650}"
EndProject
Project("{9A19103F-16F7-4668-BE54-9A1E7A4F7556}") = "Qitar.Serializer.Text.Json", "src\Qitar.Serializer.Text.Json\Qitar.Serializer.Text.Json.csproj", "{B74A884C-BFA7-4EF6-A715-E3E62657A5D0}"
EndProject
Project("{9A19103F-16F7-4668-BE54-9A1E7A4F7556}") = "Qitar.Caching.DistributedCache", "src\Qitar.Caching.DistributedCache\Qitar.Caching.DistributedCache.csproj", "{B216BD05-8BAD-46A9-9EFB-532DFD373C8D}"
EndProject
Project("{9A19103F-16F7-4668-BE54-9A1E7A4F7556}") = "Qitar.Caching.DistributedCache.Memory", "src\Qitar.Caching.DistributedCache.Memory\Qitar.Caching.DistributedCache.Memory.csproj", "{DB8EFB42-120F-40E7-A5CE-8252CF528645}"
EndProject
Project("{9A19103F-16F7-4668-BE54-9A1E7A4F7556}") = "Qitar.Store.EntityFramework", "src\Qitar.Store.EntityFramework\Qitar.Store.EntityFramework.csproj", "{B1697071-A645-4F8F-AA55-1FC387D541B0}"
EndProject
Project("{9A19103F-16F7-4668-BE54-9A1E7A4F7556}") = "Qitar.Bus.Kafka", "src\Qitar.Bus.Kafka\Qitar.Bus.Kafka.csproj", "{FFDE60AF-5208-4D98-8A47-F061B0B88F45}"
EndProject
Project("{9A19103F-16F7-4668-BE54-9A1E7A4F7556}") = "Qitar.Web", "src\Qitar.Web\Qitar.Web.csproj", "{795CDF0D-87E1-428A-AC50-7E2FAAAD9C18}"
EndProject
Project("{9A19103F-16F7-4668-BE54-9A1E7A4F7556}") = "Qitar.Caching.DistributedCache.Redis", "src\Qitar.Caching.DistributedCache.Redis\Qitar.Caching.DistributedCache.Redis.csproj", "{141696C6-3AEA-4C87-8D89-01B2198023F6}"
EndProject
Project("{9A19103F-16F7-4668-BE54-9A1E7A4F7556}") = "Qitar.Validation.FluentValidation", "src\Qitar.Validation.FluentValidation\Qitar.Validation.FluentValidation.csproj", "{DD99C4D4-E77D-472C-B0D4-924767E7592E}"
EndProject
Project("{FAE04EC0-301F-11D3-BF4B-00C04F79EFBC}") = "Qitar.Store", "src\Qitar.Store\Qitar.Store.csproj", "{6598F637-C5BA-4615-A65A-18A9AF9C891A}"
EndProject
Global
	GlobalSection(SolutionConfigurationPlatforms) = preSolution
		Debug|Any CPU = Debug|Any CPU
		Release|Any CPU = Release|Any CPU
	EndGlobalSection
	GlobalSection(ProjectConfigurationPlatforms) = postSolution
		{48FFF01A-F0A1-4BED-895D-4F9E87913610}.Debug|Any CPU.ActiveCfg = Debug|Any CPU
		{48FFF01A-F0A1-4BED-895D-4F9E87913610}.Debug|Any CPU.Build.0 = Debug|Any CPU
		{48FFF01A-F0A1-4BED-895D-4F9E87913610}.Release|Any CPU.ActiveCfg = Release|Any CPU
		{48FFF01A-F0A1-4BED-895D-4F9E87913610}.Release|Any CPU.Build.0 = Release|Any CPU
		{DEF28281-13D1-4190-8336-2954C18E0456}.Debug|Any CPU.ActiveCfg = Debug|Any CPU
		{DEF28281-13D1-4190-8336-2954C18E0456}.Debug|Any CPU.Build.0 = Debug|Any CPU
		{DEF28281-13D1-4190-8336-2954C18E0456}.Release|Any CPU.ActiveCfg = Release|Any CPU
		{DEF28281-13D1-4190-8336-2954C18E0456}.Release|Any CPU.Build.0 = Release|Any CPU
		{DF18F5B9-5D84-471C-AFCA-ADF6B0AFEE1B}.Debug|Any CPU.ActiveCfg = Debug|Any CPU
		{DF18F5B9-5D84-471C-AFCA-ADF6B0AFEE1B}.Debug|Any CPU.Build.0 = Debug|Any CPU
		{DF18F5B9-5D84-471C-AFCA-ADF6B0AFEE1B}.Release|Any CPU.ActiveCfg = Release|Any CPU
		{DF18F5B9-5D84-471C-AFCA-ADF6B0AFEE1B}.Release|Any CPU.Build.0 = Release|Any CPU
		{66A5911D-68A6-442E-A499-2EDFC5F88650}.Debug|Any CPU.ActiveCfg = Debug|Any CPU
		{66A5911D-68A6-442E-A499-2EDFC5F88650}.Debug|Any CPU.Build.0 = Debug|Any CPU
		{66A5911D-68A6-442E-A499-2EDFC5F88650}.Release|Any CPU.ActiveCfg = Release|Any CPU
		{66A5911D-68A6-442E-A499-2EDFC5F88650}.Release|Any CPU.Build.0 = Release|Any CPU
		{B74A884C-BFA7-4EF6-A715-E3E62657A5D0}.Debug|Any CPU.ActiveCfg = Debug|Any CPU
		{B74A884C-BFA7-4EF6-A715-E3E62657A5D0}.Debug|Any CPU.Build.0 = Debug|Any CPU
		{B74A884C-BFA7-4EF6-A715-E3E62657A5D0}.Release|Any CPU.ActiveCfg = Release|Any CPU
		{B74A884C-BFA7-4EF6-A715-E3E62657A5D0}.Release|Any CPU.Build.0 = Release|Any CPU
		{B216BD05-8BAD-46A9-9EFB-532DFD373C8D}.Debug|Any CPU.ActiveCfg = Debug|Any CPU
		{B216BD05-8BAD-46A9-9EFB-532DFD373C8D}.Debug|Any CPU.Build.0 = Debug|Any CPU
		{B216BD05-8BAD-46A9-9EFB-532DFD373C8D}.Release|Any CPU.ActiveCfg = Release|Any CPU
		{B216BD05-8BAD-46A9-9EFB-532DFD373C8D}.Release|Any CPU.Build.0 = Release|Any CPU
		{DB8EFB42-120F-40E7-A5CE-8252CF528645}.Debug|Any CPU.ActiveCfg = Debug|Any CPU
		{DB8EFB42-120F-40E7-A5CE-8252CF528645}.Debug|Any CPU.Build.0 = Debug|Any CPU
		{DB8EFB42-120F-40E7-A5CE-8252CF528645}.Release|Any CPU.ActiveCfg = Release|Any CPU
		{DB8EFB42-120F-40E7-A5CE-8252CF528645}.Release|Any CPU.Build.0 = Release|Any CPU
		{B1697071-A645-4F8F-AA55-1FC387D541B0}.Debug|Any CPU.ActiveCfg = Debug|Any CPU
		{B1697071-A645-4F8F-AA55-1FC387D541B0}.Debug|Any CPU.Build.0 = Debug|Any CPU
		{B1697071-A645-4F8F-AA55-1FC387D541B0}.Release|Any CPU.ActiveCfg = Release|Any CPU
		{B1697071-A645-4F8F-AA55-1FC387D541B0}.Release|Any CPU.Build.0 = Release|Any CPU
		{FFDE60AF-5208-4D98-8A47-F061B0B88F45}.Debug|Any CPU.ActiveCfg = Debug|Any CPU
		{FFDE60AF-5208-4D98-8A47-F061B0B88F45}.Debug|Any CPU.Build.0 = Debug|Any CPU
		{FFDE60AF-5208-4D98-8A47-F061B0B88F45}.Release|Any CPU.ActiveCfg = Release|Any CPU
		{FFDE60AF-5208-4D98-8A47-F061B0B88F45}.Release|Any CPU.Build.0 = Release|Any CPU
		{795CDF0D-87E1-428A-AC50-7E2FAAAD9C18}.Debug|Any CPU.ActiveCfg = Debug|Any CPU
		{795CDF0D-87E1-428A-AC50-7E2FAAAD9C18}.Debug|Any CPU.Build.0 = Debug|Any CPU
		{795CDF0D-87E1-428A-AC50-7E2FAAAD9C18}.Release|Any CPU.ActiveCfg = Release|Any CPU
		{795CDF0D-87E1-428A-AC50-7E2FAAAD9C18}.Release|Any CPU.Build.0 = Release|Any CPU
		{141696C6-3AEA-4C87-8D89-01B2198023F6}.Debug|Any CPU.ActiveCfg = Debug|Any CPU
		{141696C6-3AEA-4C87-8D89-01B2198023F6}.Debug|Any CPU.Build.0 = Debug|Any CPU
		{141696C6-3AEA-4C87-8D89-01B2198023F6}.Release|Any CPU.ActiveCfg = Release|Any CPU
		{141696C6-3AEA-4C87-8D89-01B2198023F6}.Release|Any CPU.Build.0 = Release|Any CPU
		{DD99C4D4-E77D-472C-B0D4-924767E7592E}.Debug|Any CPU.ActiveCfg = Debug|Any CPU
		{DD99C4D4-E77D-472C-B0D4-924767E7592E}.Debug|Any CPU.Build.0 = Debug|Any CPU
		{DD99C4D4-E77D-472C-B0D4-924767E7592E}.Release|Any CPU.ActiveCfg = Release|Any CPU
		{DD99C4D4-E77D-472C-B0D4-924767E7592E}.Release|Any CPU.Build.0 = Release|Any CPU
		{6598F637-C5BA-4615-A65A-18A9AF9C891A}.Debug|Any CPU.ActiveCfg = Debug|Any CPU
		{6598F637-C5BA-4615-A65A-18A9AF9C891A}.Debug|Any CPU.Build.0 = Debug|Any CPU
		{6598F637-C5BA-4615-A65A-18A9AF9C891A}.Release|Any CPU.ActiveCfg = Release|Any CPU
		{6598F637-C5BA-4615-A65A-18A9AF9C891A}.Release|Any CPU.Build.0 = Release|Any CPU
	EndGlobalSection
	GlobalSection(SolutionProperties) = preSolution
		HideSolutionNode = FALSE
	EndGlobalSection
	GlobalSection(ExtensibilityGlobals) = postSolution
		SolutionGuid = {2FD83D4C-BAC3-468D-8B20-185C087F6514}
	EndGlobalSection
EndGlobal
