
Microsoft Visual Studio Solution File, Format Version 12.00
# Visual Studio Version 16
VisualStudioVersion = 16.0.30907.101
MinimumVisualStudioVersion = 10.0.40219.1
Project("{9A19103F-16F7-4668-BE54-9A1E7A4F7556}") = "Qitar", "src\Qitar\Qitar.csproj", "{48FFF01A-F0A1-4BED-895D-4F9E87913610}"
EndProject
Project("{9A19103F-16F7-4668-BE54-9A1E7A4F7556}") = "Qitar.Bus.RabbitMQ", "src\Qitar.Bus.RabbitMQ\Qitar.Bus.RabbitMQ.csproj", "{DEF28281-13D1-4190-8336-2954C18E0456}"
EndProject
Project("{9A19103F-16F7-4668-BE54-9A1E7A4F7556}") = "Qitar.Store.Dapper", "src\Qitar.Store.Dapper\Qitar.Store.Dapper.csproj", "{DF18F5B9-5D84-471C-AFCA-ADF6B0AFEE1B}"
EndProject
Project("{9A19103F-16F7-4668-BE54-9A1E7A4F7556}") = "Qitar.Task.Hangfire", "src\Qitar.Task.Hangfire\Qitar.Task.Hangfire.csproj", "{66A5911D-68A6-442E-A499-2EDFC5F88650}"
EndProject
Project("{9A19103F-16F7-4668-BE54-9A1E7A4F7556}") = "Qitar.Serializer.Text.Json", "src\Qitar.Serializer.Text.Json\Qitar.Serializer.Text.Json.csproj", "{B74A884C-BFA7-4EF6-A715-E3E62657A5D0}"
EndProject
Project("{FAE04EC0-301F-11D3-BF4B-00C04F79EFBC}") = "Qitar.Caching.DistributedCache", "src\Qitar.Caching.DistributedCache\Qitar.Caching.DistributedCache.csproj", "{B216BD05-8BAD-46A9-9EFB-532DFD373C8D}"
EndProject
Project("{FAE04EC0-301F-11D3-BF4B-00C04F79EFBC}") = "Qitar.Caching.DistributedCache.Memory", "src\Qitar.Caching.DistributedCache.Memory\Qitar.Caching.DistributedCache.Memory.csproj", "{DB8EFB42-120F-40E7-A5CE-8252CF528645}"
EndProject
Global
	GlobalSection(SolutionConfigurationPlatforms) = preSolution
		Debug|Any CPU = Debug|Any CPU
		Release|Any CPU = Release|Any CPU
	EndGlobalSection
	GlobalSection(ProjectConfigurationPlatforms) = postSolution
		{48FFF01A-F0A1-4BED-895D-4F9E87913610}.Debug|Any CPU.ActiveCfg = Debug|Any CPU
		{48FFF01A-F0A1-4BED-895D-4F9E87913610}.Debug|Any CPU.Build.0 = Debug|Any CPU
		{48FFF01A-F0A1-4BED-895D-4F9E87913610}.Release|Any CPU.ActiveCfg = Release|Any CPU
		{48FFF01A-F0A1-4BED-895D-4F9E87913610}.Release|Any CPU.Build.0 = Release|Any CPU
		{DEF28281-13D1-4190-8336-2954C18E0456}.Debug|Any CPU.ActiveCfg = Debug|Any CPU
		{DEF28281-13D1-4190-8336-2954C18E0456}.Debug|Any CPU.Build.0 = Debug|Any CPU
		{DEF28281-13D1-4190-8336-2954C18E0456}.Release|Any CPU.ActiveCfg = Release|Any CPU
		{DEF28281-13D1-4190-8336-2954C18E0456}.Release|Any CPU.Build.0 = Release|Any CPU
		{DF18F5B9-5D84-471C-AFCA-ADF6B0AFEE1B}.Debug|Any CPU.ActiveCfg = Debug|Any CPU
		{DF18F5B9-5D84-471C-AFCA-ADF6B0AFEE1B}.Debug|Any CPU.Build.0 = Debug|Any CPU
		{DF18F5B9-5D84-471C-AFCA-ADF6B0AFEE1B}.Release|Any CPU.ActiveCfg = Release|Any CPU
		{DF18F5B9-5D84-471C-AFCA-ADF6B0AFEE1B}.Release|Any CPU.Build.0 = Release|Any CPU
		{66A5911D-68A6-442E-A499-2EDFC5F88650}.Debug|Any CPU.ActiveCfg = Debug|Any CPU
		{66A5911D-68A6-442E-A499-2EDFC5F88650}.Debug|Any CPU.Build.0 = Debug|Any CPU
		{66A5911D-68A6-442E-A499-2EDFC5F88650}.Release|Any CPU.ActiveCfg = Release|Any CPU
		{66A5911D-68A6-442E-A499-2EDFC5F88650}.Release|Any CPU.Build.0 = Release|Any CPU
		{B74A884C-BFA7-4EF6-A715-E3E62657A5D0}.Debug|Any CPU.ActiveCfg = Debug|Any CPU
		{B74A884C-BFA7-4EF6-A715-E3E62657A5D0}.Debug|Any CPU.Build.0 = Debug|Any CPU
		{B74A884C-BFA7-4EF6-A715-E3E62657A5D0}.Release|Any CPU.ActiveCfg = Release|Any CPU
		{B74A884C-BFA7-4EF6-A715-E3E62657A5D0}.Release|Any CPU.Build.0 = Release|Any CPU
		{B216BD05-8BAD-46A9-9EFB-532DFD373C8D}.Debug|Any CPU.ActiveCfg = Debug|Any CPU
		{B216BD05-8BAD-46A9-9EFB-532DFD373C8D}.Debug|Any CPU.Build.0 = Debug|Any CPU
		{B216BD05-8BAD-46A9-9EFB-532DFD373C8D}.Release|Any CPU.ActiveCfg = Release|Any CPU
		{B216BD05-8BAD-46A9-9EFB-532DFD373C8D}.Release|Any CPU.Build.0 = Release|Any CPU
		{DB8EFB42-120F-40E7-A5CE-8252CF528645}.Debug|Any CPU.ActiveCfg = Debug|Any CPU
		{DB8EFB42-120F-40E7-A5CE-8252CF528645}.Debug|Any CPU.Build.0 = Debug|Any CPU
		{DB8EFB42-120F-40E7-A5CE-8252CF528645}.Release|Any CPU.ActiveCfg = Release|Any CPU
		{DB8EFB42-120F-40E7-A5CE-8252CF528645}.Release|Any CPU.Build.0 = Release|Any CPU
	EndGlobalSection
	GlobalSection(SolutionProperties) = preSolution
		HideSolutionNode = FALSE
	EndGlobalSection
	GlobalSection(ExtensibilityGlobals) = postSolution
		SolutionGuid = {2FD83D4C-BAC3-468D-8B20-185C087F6514}
	EndGlobalSection
EndGlobal
